
Microsoft Visual Studio Solution File, Format Version 12.00
# Visual Studio 15
VisualStudioVersion = 15.0.28307.1209
MinimumVisualStudioVersion = 10.0.40219.1
Project("{FAE04EC0-301F-11D3-BF4B-00C04F79EFBC}") = "Tarea-No-1-0", "Tarea-No-1-0\Tarea-No-1-0.csproj", "{83595DED-0409-4D4C-A1D8-D1327A13B734}"
EndProject
Global
	GlobalSection(SolutionConfigurationPlatforms) = preSolution
		Debug|Any CPU = Debug|Any CPU
		Release|Any CPU = Release|Any CPU
	EndGlobalSection
	GlobalSection(ProjectConfigurationPlatforms) = postSolution
		{83595DED-0409-4D4C-A1D8-D1327A13B734}.Debug|Any CPU.ActiveCfg = Debug|Any CPU
		{83595DED-0409-4D4C-A1D8-D1327A13B734}.Debug|Any CPU.Build.0 = Debug|Any CPU
		{83595DED-0409-4D4C-A1D8-D1327A13B734}.Release|Any CPU.ActiveCfg = Release|Any CPU
		{83595DED-0409-4D4C-A1D8-D1327A13B734}.Release|Any CPU.Build.0 = Release|Any CPU
	EndGlobalSection
	GlobalSection(SolutionProperties) = preSolution
		HideSolutionNode = FALSE
	EndGlobalSection
	GlobalSection(ExtensibilityGlobals) = postSolution
		SolutionGuid = {175D972D-3014-4A83-88E4-FFA52117C0CC}
	EndGlobalSection
EndGlobal
